// !$*UTF8*$!
{
	archiveVersion = 1;
	classes = {
	};
	objectVersion = 50;
	objects = {

/* Begin PBXBuildFile section */
		848B720823CBB1B3003B6016 /* AppDelegate.swift in Sources */ = {isa = PBXBuildFile; fileRef = 848B720723CBB1B3003B6016 /* AppDelegate.swift */; };
		848B720A23CBB1B3003B6016 /* SceneDelegate.swift in Sources */ = {isa = PBXBuildFile; fileRef = 848B720923CBB1B3003B6016 /* SceneDelegate.swift */; };
		848B720C23CBB1B3003B6016 /* ViewController.swift in Sources */ = {isa = PBXBuildFile; fileRef = 848B720B23CBB1B3003B6016 /* ViewController.swift */; };
		848B720F23CBB1B3003B6016 /* Main.storyboard in Resources */ = {isa = PBXBuildFile; fileRef = 848B720D23CBB1B3003B6016 /* Main.storyboard */; };
		848B721123CBB1B9003B6016 /* Assets.xcassets in Resources */ = {isa = PBXBuildFile; fileRef = 848B721023CBB1B9003B6016 /* Assets.xcassets */; };
		848B721423CBB1B9003B6016 /* LaunchScreen.storyboard in Resources */ = {isa = PBXBuildFile; fileRef = 848B721223CBB1B9003B6016 /* LaunchScreen.storyboard */; };
		848B721F23CBB1B9003B6016 /* SendBirdTaskTests.swift in Sources */ = {isa = PBXBuildFile; fileRef = 848B721E23CBB1B9003B6016 /* SendBirdTaskTests.swift */; };
		848B722A23CBB1B9003B6016 /* SendBirdTaskUITests.swift in Sources */ = {isa = PBXBuildFile; fileRef = 848B722923CBB1B9003B6016 /* SendBirdTaskUITests.swift */; };
/* End PBXBuildFile section */

/* Begin PBXContainerItemProxy section */
		848B721B23CBB1B9003B6016 /* PBXContainerItemProxy */ = {
			isa = PBXContainerItemProxy;
			containerPortal = 848B71FC23CBB1B2003B6016 /* Project object */;
			proxyType = 1;
			remoteGlobalIDString = 848B720323CBB1B2003B6016;
			remoteInfo = SendBirdTask;
		};
		848B722623CBB1B9003B6016 /* PBXContainerItemProxy */ = {
			isa = PBXContainerItemProxy;
			containerPortal = 848B71FC23CBB1B2003B6016 /* Project object */;
			proxyType = 1;
			remoteGlobalIDString = 848B720323CBB1B2003B6016;
			remoteInfo = SendBirdTask;
		};
/* End PBXContainerItemProxy section */

/* Begin PBXFileReference section */
		848B720423CBB1B3003B6016 /* SendBirdTask.app */ = {isa = PBXFileReference; explicitFileType = wrapper.application; includeInIndex = 0; path = SendBirdTask.app; sourceTree = BUILT_PRODUCTS_DIR; };
		848B720723CBB1B3003B6016 /* AppDelegate.swift */ = {isa = PBXFileReference; lastKnownFileType = sourcecode.swift; path = AppDelegate.swift; sourceTree = "<group>"; };
		848B720923CBB1B3003B6016 /* SceneDelegate.swift */ = {isa = PBXFileReference; lastKnownFileType = sourcecode.swift; path = SceneDelegate.swift; sourceTree = "<group>"; };
		848B720B23CBB1B3003B6016 /* ViewController.swift */ = {isa = PBXFileReference; lastKnownFileType = sourcecode.swift; path = ViewController.swift; sourceTree = "<group>"; };
		848B720E23CBB1B3003B6016 /* Base */ = {isa = PBXFileReference; lastKnownFileType = file.storyboard; name = Base; path = Base.lproj/Main.storyboard; sourceTree = "<group>"; };
		848B721023CBB1B9003B6016 /* Assets.xcassets */ = {isa = PBXFileReference; lastKnownFileType = folder.assetcatalog; path = Assets.xcassets; sourceTree = "<group>"; };
		848B721323CBB1B9003B6016 /* Base */ = {isa = PBXFileReference; lastKnownFileType = file.storyboard; name = Base; path = Base.lproj/LaunchScreen.storyboard; sourceTree = "<group>"; };
		848B721523CBB1B9003B6016 /* Info.plist */ = {isa = PBXFileReference; lastKnownFileType = text.plist.xml; path = Info.plist; sourceTree = "<group>"; };
		848B721A23CBB1B9003B6016 /* SendBirdTaskTests.xctest */ = {isa = PBXFileReference; explicitFileType = wrapper.cfbundle; includeInIndex = 0; path = SendBirdTaskTests.xctest; sourceTree = BUILT_PRODUCTS_DIR; };
		848B721E23CBB1B9003B6016 /* SendBirdTaskTests.swift */ = {isa = PBXFileReference; lastKnownFileType = sourcecode.swift; path = SendBirdTaskTests.swift; sourceTree = "<group>"; };
		848B722023CBB1B9003B6016 /* Info.plist */ = {isa = PBXFileReference; lastKnownFileType = text.plist.xml; path = Info.plist; sourceTree = "<group>"; };
		848B722523CBB1B9003B6016 /* SendBirdTaskUITests.xctest */ = {isa = PBXFileReference; explicitFileType = wrapper.cfbundle; includeInIndex = 0; path = SendBirdTaskUITests.xctest; sourceTree = BUILT_PRODUCTS_DIR; };
		848B722923CBB1B9003B6016 /* SendBirdTaskUITests.swift */ = {isa = PBXFileReference; lastKnownFileType = sourcecode.swift; path = SendBirdTaskUITests.swift; sourceTree = "<group>"; };
		848B722B23CBB1B9003B6016 /* Info.plist */ = {isa = PBXFileReference; lastKnownFileType = text.plist.xml; path = Info.plist; sourceTree = "<group>"; };
/* End PBXFileReference section */

/* Begin PBXFrameworksBuildPhase section */
		848B720123CBB1B2003B6016 /* Frameworks */ = {
			isa = PBXFrameworksBuildPhase;
			buildActionMask = 2147483647;
			files = (
			);
			runOnlyForDeploymentPostprocessing = 0;
		};
		848B721723CBB1B9003B6016 /* Frameworks */ = {
			isa = PBXFrameworksBuildPhase;
			buildActionMask = 2147483647;
			files = (
			);
			runOnlyForDeploymentPostprocessing = 0;
		};
		848B722223CBB1B9003B6016 /* Frameworks */ = {
			isa = PBXFrameworksBuildPhase;
			buildActionMask = 2147483647;
			files = (
			);
			runOnlyForDeploymentPostprocessing = 0;
		};
/* End PBXFrameworksBuildPhase section */

/* Begin PBXGroup section */
		848B71FB23CBB1B2003B6016 = {
			isa = PBXGroup;
			children = (
				848B720623CBB1B3003B6016 /* SendBirdTask */,
				848B721D23CBB1B9003B6016 /* SendBirdTaskTests */,
				848B722823CBB1B9003B6016 /* SendBirdTaskUITests */,
				848B720523CBB1B3003B6016 /* Products */,
			);
			sourceTree = "<group>";
		};
		848B720523CBB1B3003B6016 /* Products */ = {
			isa = PBXGroup;
			children = (
				848B720423CBB1B3003B6016 /* SendBirdTask.app */,
				848B721A23CBB1B9003B6016 /* SendBirdTaskTests.xctest */,
				848B722523CBB1B9003B6016 /* SendBirdTaskUITests.xctest */,
			);
			name = Products;
			sourceTree = "<group>";
		};
		848B720623CBB1B3003B6016 /* SendBirdTask */ = {
			isa = PBXGroup;
			children = (
				848B720723CBB1B3003B6016 /* AppDelegate.swift */,
				848B720923CBB1B3003B6016 /* SceneDelegate.swift */,
				848B720B23CBB1B3003B6016 /* ViewController.swift */,
				848B720D23CBB1B3003B6016 /* Main.storyboard */,
				848B721023CBB1B9003B6016 /* Assets.xcassets */,
				848B721223CBB1B9003B6016 /* LaunchScreen.storyboard */,
				848B721523CBB1B9003B6016 /* Info.plist */,
			);
			path = SendBirdTask;
			sourceTree = "<group>";
		};
		848B721D23CBB1B9003B6016 /* SendBirdTaskTests */ = {
			isa = PBXGroup;
			children = (
				848B721E23CBB1B9003B6016 /* SendBirdTaskTests.swift */,
				848B722023CBB1B9003B6016 /* Info.plist */,
			);
			path = SendBirdTaskTests;
			sourceTree = "<group>";
		};
		848B722823CBB1B9003B6016 /* SendBirdTaskUITests */ = {
			isa = PBXGroup;
			children = (
				848B722923CBB1B9003B6016 /* SendBirdTaskUITests.swift */,
				848B722B23CBB1B9003B6016 /* Info.plist */,
			);
			path = SendBirdTaskUITests;
			sourceTree = "<group>";
		};
/* End PBXGroup section */

/* Begin PBXNativeTarget section */
		848B720323CBB1B2003B6016 /* SendBirdTask */ = {
			isa = PBXNativeTarget;
			buildConfigurationList = 848B722E23CBB1B9003B6016 /* Build configuration list for PBXNativeTarget "SendBirdTask" */;
			buildPhases = (
				848B720023CBB1B2003B6016 /* Sources */,
				848B720123CBB1B2003B6016 /* Frameworks */,
				848B720223CBB1B2003B6016 /* Resources */,
			);
			buildRules = (
			);
			dependencies = (
			);
			name = SendBirdTask;
			productName = SendBirdTask;
			productReference = 848B720423CBB1B3003B6016 /* SendBirdTask.app */;
			productType = "com.apple.product-type.application";
		};
		848B721923CBB1B9003B6016 /* SendBirdTaskTests */ = {
			isa = PBXNativeTarget;
			buildConfigurationList = 848B723123CBB1B9003B6016 /* Build configuration list for PBXNativeTarget "SendBirdTaskTests" */;
			buildPhases = (
				848B721623CBB1B9003B6016 /* Sources */,
				848B721723CBB1B9003B6016 /* Frameworks */,
				848B721823CBB1B9003B6016 /* Resources */,
			);
			buildRules = (
			);
			dependencies = (
				848B721C23CBB1B9003B6016 /* PBXTargetDependency */,
			);
			name = SendBirdTaskTests;
			productName = SendBirdTaskTests;
			productReference = 848B721A23CBB1B9003B6016 /* SendBirdTaskTests.xctest */;
			productType = "com.apple.product-type.bundle.unit-test";
		};
		848B722423CBB1B9003B6016 /* SendBirdTaskUITests */ = {
			isa = PBXNativeTarget;
			buildConfigurationList = 848B723423CBB1B9003B6016 /* Build configuration list for PBXNativeTarget "SendBirdTaskUITests" */;
			buildPhases = (
				848B722123CBB1B9003B6016 /* Sources */,
				848B722223CBB1B9003B6016 /* Frameworks */,
				848B722323CBB1B9003B6016 /* Resources */,
			);
			buildRules = (
			);
			dependencies = (
				848B722723CBB1B9003B6016 /* PBXTargetDependency */,
			);
			name = SendBirdTaskUITests;
			productName = SendBirdTaskUITests;
			productReference = 848B722523CBB1B9003B6016 /* SendBirdTaskUITests.xctest */;
			productType = "com.apple.product-type.bundle.ui-testing";
		};
/* End PBXNativeTarget section */

/* Begin PBXProject section */
		848B71FC23CBB1B2003B6016 /* Project object */ = {
			isa = PBXProject;
			attributes = {
				LastSwiftUpdateCheck = 1130;
				LastUpgradeCheck = 1130;
				ORGANIZATIONNAME = "Moath Yahia";
				TargetAttributes = {
					848B720323CBB1B2003B6016 = {
						CreatedOnToolsVersion = 11.3;
					};
					848B721923CBB1B9003B6016 = {
						CreatedOnToolsVersion = 11.3;
						TestTargetID = 848B720323CBB1B2003B6016;
					};
					848B722423CBB1B9003B6016 = {
						CreatedOnToolsVersion = 11.3;
						TestTargetID = 848B720323CBB1B2003B6016;
					};
				};
			};
			buildConfigurationList = 848B71FF23CBB1B2003B6016 /* Build configuration list for PBXProject "SendBirdTask" */;
			compatibilityVersion = "Xcode 9.3";
			developmentRegion = en;
			hasScannedForEncodings = 0;
			knownRegions = (
				en,
				Base,
			);
			mainGroup = 848B71FB23CBB1B2003B6016;
			productRefGroup = 848B720523CBB1B3003B6016 /* Products */;
			projectDirPath = "";
			projectRoot = "";
			targets = (
				848B720323CBB1B2003B6016 /* SendBirdTask */,
				848B721923CBB1B9003B6016 /* SendBirdTaskTests */,
				848B722423CBB1B9003B6016 /* SendBirdTaskUITests */,
			);
		};
/* End PBXProject section */

/* Begin PBXResourcesBuildPhase section */
		848B720223CBB1B2003B6016 /* Resources */ = {
			isa = PBXResourcesBuildPhase;
			buildActionMask = 2147483647;
			files = (
				848B721423CBB1B9003B6016 /* LaunchScreen.storyboard in Resources */,
				848B721123CBB1B9003B6016 /* Assets.xcassets in Resources */,
				848B720F23CBB1B3003B6016 /* Main.storyboard in Resources */,
			);
			runOnlyForDeploymentPostprocessing = 0;
		};
		848B721823CBB1B9003B6016 /* Resources */ = {
			isa = PBXResourcesBuildPhase;
			buildActionMask = 2147483647;
			files = (
			);
			runOnlyForDeploymentPostprocessing = 0;
		};
		848B722323CBB1B9003B6016 /* Resources */ = {
			isa = PBXResourcesBuildPhase;
			buildActionMask = 2147483647;
			files = (
			);
			runOnlyForDeploymentPostprocessing = 0;
		};
/* End PBXResourcesBuildPhase section */

/* Begin PBXSourcesBuildPhase section */
		848B720023CBB1B2003B6016 /* Sources */ = {
			isa = PBXSourcesBuildPhase;
			buildActionMask = 2147483647;
			files = (
				848B720C23CBB1B3003B6016 /* ViewController.swift in Sources */,
				848B720823CBB1B3003B6016 /* AppDelegate.swift in Sources */,
				848B720A23CBB1B3003B6016 /* SceneDelegate.swift in Sources */,
			);
			runOnlyForDeploymentPostprocessing = 0;
		};
		848B721623CBB1B9003B6016 /* Sources */ = {
			isa = PBXSourcesBuildPhase;
			buildActionMask = 2147483647;
			files = (
				848B721F23CBB1B9003B6016 /* SendBirdTaskTests.swift in Sources */,
			);
			runOnlyForDeploymentPostprocessing = 0;
		};
		848B722123CBB1B9003B6016 /* Sources */ = {
			isa = PBXSourcesBuildPhase;
			buildActionMask = 2147483647;
			files = (
				848B722A23CBB1B9003B6016 /* SendBirdTaskUITests.swift in Sources */,
			);
			runOnlyForDeploymentPostprocessing = 0;
		};
/* End PBXSourcesBuildPhase section */

/* Begin PBXTargetDependency section */
		848B721C23CBB1B9003B6016 /* PBXTargetDependency */ = {
			isa = PBXTargetDependency;
			target = 848B720323CBB1B2003B6016 /* SendBirdTask */;
			targetProxy = 848B721B23CBB1B9003B6016 /* PBXContainerItemProxy */;
		};
		848B722723CBB1B9003B6016 /* PBXTargetDependency */ = {
			isa = PBXTargetDependency;
			target = 848B720323CBB1B2003B6016 /* SendBirdTask */;
			targetProxy = 848B722623CBB1B9003B6016 /* PBXContainerItemProxy */;
		};
/* End PBXTargetDependency section */

/* Begin PBXVariantGroup section */
		848B720D23CBB1B3003B6016 /* Main.storyboard */ = {
			isa = PBXVariantGroup;
			children = (
				848B720E23CBB1B3003B6016 /* Base */,
			);
			name = Main.storyboard;
			sourceTree = "<group>";
		};
		848B721223CBB1B9003B6016 /* LaunchScreen.storyboard */ = {
			isa = PBXVariantGroup;
			children = (
				848B721323CBB1B9003B6016 /* Base */,
			);
			name = LaunchScreen.storyboard;
			sourceTree = "<group>";
		};
/* End PBXVariantGroup section */

/* Begin XCBuildConfiguration section */
		848B722C23CBB1B9003B6016 /* Debug */ = {
			isa = XCBuildConfiguration;
			buildSettings = {
				ALWAYS_SEARCH_USER_PATHS = NO;
				CLANG_ANALYZER_NONNULL = YES;
				CLANG_ANALYZER_NUMBER_OBJECT_CONVERSION = YES_AGGRESSIVE;
				CLANG_CXX_LANGUAGE_STANDARD = "gnu++14";
				CLANG_CXX_LIBRARY = "libc++";
				CLANG_ENABLE_MODULES = YES;
				CLANG_ENABLE_OBJC_ARC = YES;
				CLANG_ENABLE_OBJC_WEAK = YES;
				CLANG_WARN_BLOCK_CAPTURE_AUTORELEASING = YES;
				CLANG_WARN_BOOL_CONVERSION = YES;
				CLANG_WARN_COMMA = YES;
				CLANG_WARN_CONSTANT_CONVERSION = YES;
				CLANG_WARN_DEPRECATED_OBJC_IMPLEMENTATIONS = YES;
				CLANG_WARN_DIRECT_OBJC_ISA_USAGE = YES_ERROR;
				CLANG_WARN_DOCUMENTATION_COMMENTS = YES;
				CLANG_WARN_EMPTY_BODY = YES;
				CLANG_WARN_ENUM_CONVERSION = YES;
				CLANG_WARN_INFINITE_RECURSION = YES;
				CLANG_WARN_INT_CONVERSION = YES;
				CLANG_WARN_NON_LITERAL_NULL_CONVERSION = YES;
				CLANG_WARN_OBJC_IMPLICIT_RETAIN_SELF = YES;
				CLANG_WARN_OBJC_LITERAL_CONVERSION = YES;
				CLANG_WARN_OBJC_ROOT_CLASS = YES_ERROR;
				CLANG_WARN_RANGE_LOOP_ANALYSIS = YES;
				CLANG_WARN_STRICT_PROTOTYPES = YES;
				CLANG_WARN_SUSPICIOUS_MOVE = YES;
				CLANG_WARN_UNGUARDED_AVAILABILITY = YES_AGGRESSIVE;
				CLANG_WARN_UNREACHABLE_CODE = YES;
				CLANG_WARN__DUPLICATE_METHOD_MATCH = YES;
				COPY_PHASE_STRIP = NO;
				DEBUG_INFORMATION_FORMAT = dwarf;
				ENABLE_STRICT_OBJC_MSGSEND = YES;
				ENABLE_TESTABILITY = YES;
				GCC_C_LANGUAGE_STANDARD = gnu11;
				GCC_DYNAMIC_NO_PIC = NO;
				GCC_NO_COMMON_BLOCKS = YES;
				GCC_OPTIMIZATION_LEVEL = 0;
				GCC_PREPROCESSOR_DEFINITIONS = (
					"DEBUG=1",
					"$(inherited)",
				);
				GCC_WARN_64_TO_32_BIT_CONVERSION = YES;
				GCC_WARN_ABOUT_RETURN_TYPE = YES_ERROR;
				GCC_WARN_UNDECLARED_SELECTOR = YES;
				GCC_WARN_UNINITIALIZED_AUTOS = YES_AGGRESSIVE;
				GCC_WARN_UNUSED_FUNCTION = YES;
				GCC_WARN_UNUSED_VARIABLE = YES;
				IPHONEOS_DEPLOYMENT_TARGET = 13.2;
				MTL_ENABLE_DEBUG_INFO = INCLUDE_SOURCE;
				MTL_FAST_MATH = YES;
				ONLY_ACTIVE_ARCH = YES;
				SDKROOT = iphoneos;
				SWIFT_ACTIVE_COMPILATION_CONDITIONS = DEBUG;
				SWIFT_OPTIMIZATION_LEVEL = "-Onone";
			};
			name = Debug;
		};
		848B722D23CBB1B9003B6016 /* Release */ = {
			isa = XCBuildConfiguration;
			buildSettings = {
				ALWAYS_SEARCH_USER_PATHS = NO;
				CLANG_ANALYZER_NONNULL = YES;
				CLANG_ANALYZER_NUMBER_OBJECT_CONVERSION = YES_AGGRESSIVE;
				CLANG_CXX_LANGUAGE_STANDARD = "gnu++14";
				CLANG_CXX_LIBRARY = "libc++";
				CLANG_ENABLE_MODULES = YES;
				CLANG_ENABLE_OBJC_ARC = YES;
				CLANG_ENABLE_OBJC_WEAK = YES;
				CLANG_WARN_BLOCK_CAPTURE_AUTORELEASING = YES;
				CLANG_WARN_BOOL_CONVERSION = YES;
				CLANG_WARN_COMMA = YES;
				CLANG_WARN_CONSTANT_CONVERSION = YES;
				CLANG_WARN_DEPRECATED_OBJC_IMPLEMENTATIONS = YES;
				CLANG_WARN_DIRECT_OBJC_ISA_USAGE = YES_ERROR;
				CLANG_WARN_DOCUMENTATION_COMMENTS = YES;
				CLANG_WARN_EMPTY_BODY = YES;
				CLANG_WARN_ENUM_CONVERSION = YES;
				CLANG_WARN_INFINITE_RECURSION = YES;
				CLANG_WARN_INT_CONVERSION = YES;
				CLANG_WARN_NON_LITERAL_NULL_CONVERSION = YES;
				CLANG_WARN_OBJC_IMPLICIT_RETAIN_SELF = YES;
				CLANG_WARN_OBJC_LITERAL_CONVERSION = YES;
				CLANG_WARN_OBJC_ROOT_CLASS = YES_ERROR;
				CLANG_WARN_RANGE_LOOP_ANALYSIS = YES;
				CLANG_WARN_STRICT_PROTOTYPES = YES;
				CLANG_WARN_SUSPICIOUS_MOVE = YES;
				CLANG_WARN_UNGUARDED_AVAILABILITY = YES_AGGRESSIVE;
				CLANG_WARN_UNREACHABLE_CODE = YES;
				CLANG_WARN__DUPLICATE_METHOD_MATCH = YES;
				COPY_PHASE_STRIP = NO;
				DEBUG_INFORMATION_FORMAT = "dwarf-with-dsym";
				ENABLE_NS_ASSERTIONS = NO;
				ENABLE_STRICT_OBJC_MSGSEND = YES;
				GCC_C_LANGUAGE_STANDARD = gnu11;
				GCC_NO_COMMON_BLOCKS = YES;
				GCC_WARN_64_TO_32_BIT_CONVERSION = YES;
				GCC_WARN_ABOUT_RETURN_TYPE = YES_ERROR;
				GCC_WARN_UNDECLARED_SELECTOR = YES;
				GCC_WARN_UNINITIALIZED_AUTOS = YES_AGGRESSIVE;
				GCC_WARN_UNUSED_FUNCTION = YES;
				GCC_WARN_UNUSED_VARIABLE = YES;
				IPHONEOS_DEPLOYMENT_TARGET = 13.2;
				MTL_ENABLE_DEBUG_INFO = NO;
				MTL_FAST_MATH = YES;
				SDKROOT = iphoneos;
				SWIFT_COMPILATION_MODE = wholemodule;
				SWIFT_OPTIMIZATION_LEVEL = "-O";
				VALIDATE_PRODUCT = YES;
			};
			name = Release;
		};
		848B722F23CBB1B9003B6016 /* Debug */ = {
			isa = XCBuildConfiguration;
			buildSettings = {
				ASSETCATALOG_COMPILER_APPICON_NAME = AppIcon;
				CODE_SIGN_STYLE = Automatic;
				INFOPLIST_FILE = SendBirdTask/Info.plist;
				LD_RUNPATH_SEARCH_PATHS = (
					"$(inherited)",
					"@executable_path/Frameworks",
				);
				PRODUCT_BUNDLE_IDENTIFIER = com.Moath.SendBirdTask;
				PRODUCT_NAME = "$(TARGET_NAME)";
				SWIFT_VERSION = 5.0;
				TARGETED_DEVICE_FAMILY = "1,2";
			};
			name = Debug;
		};
		848B723023CBB1B9003B6016 /* Release */ = {
			isa = XCBuildConfiguration;
			buildSettings = {
				ASSETCATALOG_COMPILER_APPICON_NAME = AppIcon;
				CODE_SIGN_STYLE = Automatic;
				INFOPLIST_FILE = SendBirdTask/Info.plist;
				LD_RUNPATH_SEARCH_PATHS = (
					"$(inherited)",
					"@executable_path/Frameworks",
				);
				PRODUCT_BUNDLE_IDENTIFIER = com.Moath.SendBirdTask;
				PRODUCT_NAME = "$(TARGET_NAME)";
				SWIFT_VERSION = 5.0;
				TARGETED_DEVICE_FAMILY = "1,2";
			};
			name = Release;
		};
		848B723223CBB1B9003B6016 /* Debug */ = {
			isa = XCBuildConfiguration;
			buildSettings = {
				ALWAYS_EMBED_SWIFT_STANDARD_LIBRARIES = YES;
				BUNDLE_LOADER = "$(TEST_HOST)";
				CODE_SIGN_STYLE = Automatic;
				INFOPLIST_FILE = SendBirdTaskTests/Info.plist;
				IPHONEOS_DEPLOYMENT_TARGET = 13.2;
				LD_RUNPATH_SEARCH_PATHS = (
					"$(inherited)",
					"@executable_path/Frameworks",
					"@loader_path/Frameworks",
				);
				PRODUCT_BUNDLE_IDENTIFIER = com.Moath.SendBirdTaskTests;
				PRODUCT_NAME = "$(TARGET_NAME)";
				SWIFT_VERSION = 5.0;
				TARGETED_DEVICE_FAMILY = "1,2";
				TEST_HOST = "$(BUILT_PRODUCTS_DIR)/SendBirdTask.app/SendBirdTask";
			};
			name = Debug;
		};
		848B723323CBB1B9003B6016 /* Release */ = {
			isa = XCBuildConfiguration;
			buildSettings = {
				ALWAYS_EMBED_SWIFT_STANDARD_LIBRARIES = YES;
				BUNDLE_LOADER = "$(TEST_HOST)";
				CODE_SIGN_STYLE = Automatic;
				INFOPLIST_FILE = SendBirdTaskTests/Info.plist;
				IPHONEOS_DEPLOYMENT_TARGET = 13.2;
				LD_RUNPATH_SEARCH_PATHS = (
					"$(inherited)",
					"@executable_path/Frameworks",
					"@loader_path/Frameworks",
				);
				PRODUCT_BUNDLE_IDENTIFIER = com.Moath.SendBirdTaskTests;
				PRODUCT_NAME = "$(TARGET_NAME)";
				SWIFT_VERSION = 5.0;
				TARGETED_DEVICE_FAMILY = "1,2";
				TEST_HOST = "$(BUILT_PRODUCTS_DIR)/SendBirdTask.app/SendBirdTask";
			};
			name = Release;
		};
		848B723523CBB1B9003B6016 /* Debug */ = {
			isa = XCBuildConfiguration;
			buildSettings = {
				ALWAYS_EMBED_SWIFT_STANDARD_LIBRARIES = YES;
				CODE_SIGN_STYLE = Automatic;
				INFOPLIST_FILE = SendBirdTaskUITests/Info.plist;
				LD_RUNPATH_SEARCH_PATHS = (
					"$(inherited)",
					"@executable_path/Frameworks",
					"@loader_path/Frameworks",
				);
				PRODUCT_BUNDLE_IDENTIFIER = com.Moath.SendBirdTaskUITests;
				PRODUCT_NAME = "$(TARGET_NAME)";
				SWIFT_VERSION = 5.0;
				TARGETED_DEVICE_FAMILY = "1,2";
				TEST_TARGET_NAME = SendBirdTask;
			};
			name = Debug;
		};
		848B723623CBB1B9003B6016 /* Release */ = {
			isa = XCBuildConfiguration;
			buildSettings = {
				ALWAYS_EMBED_SWIFT_STANDARD_LIBRARIES = YES;
				CODE_SIGN_STYLE = Automatic;
				INFOPLIST_FILE = SendBirdTaskUITests/Info.plist;
				LD_RUNPATH_SEARCH_PATHS = (
					"$(inherited)",
					"@executable_path/Frameworks",
					"@loader_path/Frameworks",
				);
				PRODUCT_BUNDLE_IDENTIFIER = com.Moath.SendBirdTaskUITests;
				PRODUCT_NAME = "$(TARGET_NAME)";
				SWIFT_VERSION = 5.0;
				TARGETED_DEVICE_FAMILY = "1,2";
				TEST_TARGET_NAME = SendBirdTask;
			};
			name = Release;
		};
/* End XCBuildConfiguration section */

/* Begin XCConfigurationList section */
		848B71FF23CBB1B2003B6016 /* Build configuration list for PBXProject "SendBirdTask" */ = {
			isa = XCConfigurationList;
			buildConfigurations = (
				848B722C23CBB1B9003B6016 /* Debug */,
				848B722D23CBB1B9003B6016 /* Release */,
			);
			defaultConfigurationIsVisible = 0;
			defaultConfigurationName = Release;
		};
		848B722E23CBB1B9003B6016 /* Build configuration list for PBXNativeTarget "SendBirdTask" */ = {
			isa = XCConfigurationList;
			buildConfigurations = (
				848B722F23CBB1B9003B6016 /* Debug */,
				848B723023CBB1B9003B6016 /* Release */,
			);
			defaultConfigurationIsVisible = 0;
			defaultConfigurationName = Release;
		};
		848B723123CBB1B9003B6016 /* Build configuration list for PBXNativeTarget "SendBirdTaskTests" */ = {
			isa = XCConfigurationList;
			buildConfigurations = (
				848B723223CBB1B9003B6016 /* Debug */,
				848B723323CBB1B9003B6016 /* Release */,
			);
			defaultConfigurationIsVisible = 0;
			defaultConfigurationName = Release;
		};
		848B723423CBB1B9003B6016 /* Build configuration list for PBXNativeTarget "SendBirdTaskUITests" */ = {
			isa = XCConfigurationList;
			buildConfigurations = (
				848B723523CBB1B9003B6016 /* Debug */,
				848B723623CBB1B9003B6016 /* Release */,
			);
			defaultConfigurationIsVisible = 0;
			defaultConfigurationName = Release;
		};
/* End XCConfigurationList section */
	};
	rootObject = 848B71FC23CBB1B2003B6016 /* Project object */;
}
