// !$*UTF8*$!
{
	archiveVersion = 1;
	classes = {
	};
	objectVersion = 52;
	objects = {

/* Begin PBXBuildFile section */
		8437A53423D27B0E00743945 /* CustomDesign.swift in Sources */ = {isa = PBXBuildFile; fileRef = 8437A53323D27B0E00743945 /* CustomDesign.swift */; };
		8444064223CD5841007653EB /* APIConstants.swift in Sources */ = {isa = PBXBuildFile; fileRef = 8444064123CD5841007653EB /* APIConstants.swift */; };
		8444064523CD674F007653EB /* NewModel.swift in Sources */ = {isa = PBXBuildFile; fileRef = 8444064423CD674F007653EB /* NewModel.swift */; };
		8444064723CD6796007653EB /* BooksModel.swift in Sources */ = {isa = PBXBuildFile; fileRef = 8444064623CD6796007653EB /* BooksModel.swift */; };
		8444064923CD79CC007653EB /* BookDetailsModel.swift in Sources */ = {isa = PBXBuildFile; fileRef = 8444064823CD79CC007653EB /* BookDetailsModel.swift */; };
		8444064D23CD7C6C007653EB /* DetailsBookVC.swift in Sources */ = {isa = PBXBuildFile; fileRef = 8444064C23CD7C6C007653EB /* DetailsBookVC.swift */; };
		8444064F23CD8206007653EB /* DetailsBookManager.swift in Sources */ = {isa = PBXBuildFile; fileRef = 8444064E23CD8206007653EB /* DetailsBookManager.swift */; };
		8475F8AA23CEB34300BEA4E9 /* SearchDataSource.swift in Sources */ = {isa = PBXBuildFile; fileRef = 8475F8A923CEB34300BEA4E9 /* SearchDataSource.swift */; };
		8475F8AC23CEB48900BEA4E9 /* SearchDelegate.swift in Sources */ = {isa = PBXBuildFile; fileRef = 8475F8AB23CEB48900BEA4E9 /* SearchDelegate.swift */; };
		8475F8AE23CEB74900BEA4E9 /* SearchManager.swift in Sources */ = {isa = PBXBuildFile; fileRef = 8475F8AD23CEB74900BEA4E9 /* SearchManager.swift */; };
		848B720823CBB1B3003B6016 /* AppDelegate.swift in Sources */ = {isa = PBXBuildFile; fileRef = 848B720723CBB1B3003B6016 /* AppDelegate.swift */; };
		848B720F23CBB1B3003B6016 /* Main.storyboard in Resources */ = {isa = PBXBuildFile; fileRef = 848B720D23CBB1B3003B6016 /* Main.storyboard */; };
		848B721123CBB1B9003B6016 /* Assets.xcassets in Resources */ = {isa = PBXBuildFile; fileRef = 848B721023CBB1B9003B6016 /* Assets.xcassets */; };
		848B721423CBB1B9003B6016 /* LaunchScreen.storyboard in Resources */ = {isa = PBXBuildFile; fileRef = 848B721223CBB1B9003B6016 /* LaunchScreen.storyboard */; };
		848B721F23CBB1B9003B6016 /* SendBirdTaskTests.swift in Sources */ = {isa = PBXBuildFile; fileRef = 848B721E23CBB1B9003B6016 /* SendBirdTaskTests.swift */; };
		848B722A23CBB1B9003B6016 /* SendBirdTaskUITests.swift in Sources */ = {isa = PBXBuildFile; fileRef = 848B722923CBB1B9003B6016 /* SendBirdTaskUITests.swift */; };
		848B723A23CBB574003B6016 /* NewVC.swift in Sources */ = {isa = PBXBuildFile; fileRef = 848B723923CBB574003B6016 /* NewVC.swift */; };
		848B723E23CBB618003B6016 /* SearchVC.swift in Sources */ = {isa = PBXBuildFile; fileRef = 848B723D23CBB618003B6016 /* SearchVC.swift */; };
		848B724023CBB698003B6016 /* SceneDelegate.swift in Sources */ = {isa = PBXBuildFile; fileRef = 848B723F23CBB698003B6016 /* SceneDelegate.swift */; };
		848B724323CBB9C2003B6016 /* NewDataSource.swift in Sources */ = {isa = PBXBuildFile; fileRef = 848B724223CBB9C2003B6016 /* NewDataSource.swift */; };
		848B724523CBB9D9003B6016 /* NewDelegate.swift in Sources */ = {isa = PBXBuildFile; fileRef = 848B724423CBB9D9003B6016 /* NewDelegate.swift */; };
		848B724923CBBB2D003B6016 /* NewBooksCell.swift in Sources */ = {isa = PBXBuildFile; fileRef = 848B724723CBBB2D003B6016 /* NewBooksCell.swift */; };
		848B724A23CBBB2D003B6016 /* NewBooksCell.xib in Resources */ = {isa = PBXBuildFile; fileRef = 848B724823CBBB2D003B6016 /* NewBooksCell.xib */; };
		848B724C23CD433E003B6016 /* NewManager.swift in Sources */ = {isa = PBXBuildFile; fileRef = 848B724B23CD433E003B6016 /* NewManager.swift */; };
		848B724F23CD4381003B6016 /* HTTPController.swift in Sources */ = {isa = PBXBuildFile; fileRef = 848B724E23CD4381003B6016 /* HTTPController.swift */; };
		848B725123CD4683003B6016 /* Reachability.swift in Sources */ = {isa = PBXBuildFile; fileRef = 848B725023CD4683003B6016 /* Reachability.swift */; };
		84DA642C23CFBA7100F69DDC /* DisplayAlertMessageExtension.swift in Sources */ = {isa = PBXBuildFile; fileRef = 84DA642B23CFBA7100F69DDC /* DisplayAlertMessageExtension.swift */; };
		84DA642F23CFBB4E00F69DDC /* CPAlert.storyboard in Resources */ = {isa = PBXBuildFile; fileRef = 84DA642D23CFBB4E00F69DDC /* CPAlert.storyboard */; };
		84DA643023CFBB4E00F69DDC /* CPAlertVC.swift in Sources */ = {isa = PBXBuildFile; fileRef = 84DA642E23CFBB4E00F69DDC /* CPAlertVC.swift */; };
		84DA643223CFBB9900F69DDC /* CPAlertAction.swift in Sources */ = {isa = PBXBuildFile; fileRef = 84DA643123CFBB9900F69DDC /* CPAlertAction.swift */; };
		E4ED6F1B85BF1C6022B47534 /* Pods_SendBirdTask.framework in Frameworks */ = {isa = PBXBuildFile; fileRef = 5A06E9CF4E64C2001903A48D /* Pods_SendBirdTask.framework */; };
/* End PBXBuildFile section */

/* Begin PBXContainerItemProxy section */
		848B721B23CBB1B9003B6016 /* PBXContainerItemProxy */ = {
			isa = PBXContainerItemProxy;
			containerPortal = 848B71FC23CBB1B2003B6016 /* Project object */;
			proxyType = 1;
			remoteGlobalIDString = 848B720323CBB1B2003B6016;
			remoteInfo = SendBirdTask;
		};
		848B722623CBB1B9003B6016 /* PBXContainerItemProxy */ = {
			isa = PBXContainerItemProxy;
			containerPortal = 848B71FC23CBB1B2003B6016 /* Project object */;
			proxyType = 1;
			remoteGlobalIDString = 848B720323CBB1B2003B6016;
			remoteInfo = SendBirdTask;
		};
/* End PBXContainerItemProxy section */

/* Begin PBXFileReference section */
		5A06E9CF4E64C2001903A48D /* Pods_SendBirdTask.framework */ = {isa = PBXFileReference; explicitFileType = wrapper.framework; includeInIndex = 0; path = Pods_SendBirdTask.framework; sourceTree = BUILT_PRODUCTS_DIR; };
		8437A53323D27B0E00743945 /* CustomDesign.swift */ = {isa = PBXFileReference; lastKnownFileType = sourcecode.swift; path = CustomDesign.swift; sourceTree = "<group>"; };
		8444064123CD5841007653EB /* APIConstants.swift */ = {isa = PBXFileReference; lastKnownFileType = sourcecode.swift; path = APIConstants.swift; sourceTree = "<group>"; };
		8444064423CD674F007653EB /* NewModel.swift */ = {isa = PBXFileReference; lastKnownFileType = sourcecode.swift; path = NewModel.swift; sourceTree = "<group>"; };
		8444064623CD6796007653EB /* BooksModel.swift */ = {isa = PBXFileReference; lastKnownFileType = sourcecode.swift; path = BooksModel.swift; sourceTree = "<group>"; };
		8444064823CD79CC007653EB /* BookDetailsModel.swift */ = {isa = PBXFileReference; lastKnownFileType = sourcecode.swift; path = BookDetailsModel.swift; sourceTree = "<group>"; };
		8444064C23CD7C6C007653EB /* DetailsBookVC.swift */ = {isa = PBXFileReference; lastKnownFileType = sourcecode.swift; path = DetailsBookVC.swift; sourceTree = "<group>"; };
		8444064E23CD8206007653EB /* DetailsBookManager.swift */ = {isa = PBXFileReference; lastKnownFileType = sourcecode.swift; path = DetailsBookManager.swift; sourceTree = "<group>"; };
		8475F8A923CEB34300BEA4E9 /* SearchDataSource.swift */ = {isa = PBXFileReference; lastKnownFileType = sourcecode.swift; path = SearchDataSource.swift; sourceTree = "<group>"; };
		8475F8AB23CEB48900BEA4E9 /* SearchDelegate.swift */ = {isa = PBXFileReference; lastKnownFileType = sourcecode.swift; path = SearchDelegate.swift; sourceTree = "<group>"; };
		8475F8AD23CEB74900BEA4E9 /* SearchManager.swift */ = {isa = PBXFileReference; lastKnownFileType = sourcecode.swift; path = SearchManager.swift; sourceTree = "<group>"; };
		848B720423CBB1B3003B6016 /* SendBirdTask.app */ = {isa = PBXFileReference; explicitFileType = wrapper.application; includeInIndex = 0; path = SendBirdTask.app; sourceTree = BUILT_PRODUCTS_DIR; };
		848B720723CBB1B3003B6016 /* AppDelegate.swift */ = {isa = PBXFileReference; lastKnownFileType = sourcecode.swift; path = AppDelegate.swift; sourceTree = "<group>"; };
		848B720E23CBB1B3003B6016 /* Base */ = {isa = PBXFileReference; lastKnownFileType = file.storyboard; name = Base; path = Base.lproj/Main.storyboard; sourceTree = "<group>"; };
		848B721023CBB1B9003B6016 /* Assets.xcassets */ = {isa = PBXFileReference; lastKnownFileType = folder.assetcatalog; path = Assets.xcassets; sourceTree = "<group>"; };
		848B721323CBB1B9003B6016 /* Base */ = {isa = PBXFileReference; lastKnownFileType = file.storyboard; name = Base; path = Base.lproj/LaunchScreen.storyboard; sourceTree = "<group>"; };
		848B721523CBB1B9003B6016 /* Info.plist */ = {isa = PBXFileReference; lastKnownFileType = text.plist.xml; path = Info.plist; sourceTree = "<group>"; };
		848B721A23CBB1B9003B6016 /* SendBirdTaskTests.xctest */ = {isa = PBXFileReference; explicitFileType = wrapper.cfbundle; includeInIndex = 0; path = SendBirdTaskTests.xctest; sourceTree = BUILT_PRODUCTS_DIR; };
		848B721E23CBB1B9003B6016 /* SendBirdTaskTests.swift */ = {isa = PBXFileReference; lastKnownFileType = sourcecode.swift; path = SendBirdTaskTests.swift; sourceTree = "<group>"; };
		848B722023CBB1B9003B6016 /* Info.plist */ = {isa = PBXFileReference; lastKnownFileType = text.plist.xml; path = Info.plist; sourceTree = "<group>"; };
		848B722523CBB1B9003B6016 /* SendBirdTaskUITests.xctest */ = {isa = PBXFileReference; explicitFileType = wrapper.cfbundle; includeInIndex = 0; path = SendBirdTaskUITests.xctest; sourceTree = BUILT_PRODUCTS_DIR; };
		848B722923CBB1B9003B6016 /* SendBirdTaskUITests.swift */ = {isa = PBXFileReference; lastKnownFileType = sourcecode.swift; path = SendBirdTaskUITests.swift; sourceTree = "<group>"; };
		848B722B23CBB1B9003B6016 /* Info.plist */ = {isa = PBXFileReference; lastKnownFileType = text.plist.xml; path = Info.plist; sourceTree = "<group>"; };
		848B723923CBB574003B6016 /* NewVC.swift */ = {isa = PBXFileReference; lastKnownFileType = sourcecode.swift; path = NewVC.swift; sourceTree = "<group>"; };
		848B723D23CBB618003B6016 /* SearchVC.swift */ = {isa = PBXFileReference; lastKnownFileType = sourcecode.swift; path = SearchVC.swift; sourceTree = "<group>"; };
		848B723F23CBB698003B6016 /* SceneDelegate.swift */ = {isa = PBXFileReference; fileEncoding = 4; lastKnownFileType = sourcecode.swift; path = SceneDelegate.swift; sourceTree = "<group>"; };
		848B724223CBB9C2003B6016 /* NewDataSource.swift */ = {isa = PBXFileReference; lastKnownFileType = sourcecode.swift; path = NewDataSource.swift; sourceTree = "<group>"; };
		848B724423CBB9D9003B6016 /* NewDelegate.swift */ = {isa = PBXFileReference; lastKnownFileType = sourcecode.swift; path = NewDelegate.swift; sourceTree = "<group>"; };
		848B724723CBBB2D003B6016 /* NewBooksCell.swift */ = {isa = PBXFileReference; lastKnownFileType = sourcecode.swift; path = NewBooksCell.swift; sourceTree = "<group>"; };
		848B724823CBBB2D003B6016 /* NewBooksCell.xib */ = {isa = PBXFileReference; lastKnownFileType = file.xib; path = NewBooksCell.xib; sourceTree = "<group>"; };
		848B724B23CD433E003B6016 /* NewManager.swift */ = {isa = PBXFileReference; lastKnownFileType = sourcecode.swift; path = NewManager.swift; sourceTree = "<group>"; };
		848B724E23CD4381003B6016 /* HTTPController.swift */ = {isa = PBXFileReference; lastKnownFileType = sourcecode.swift; path = HTTPController.swift; sourceTree = "<group>"; };
		848B725023CD4683003B6016 /* Reachability.swift */ = {isa = PBXFileReference; lastKnownFileType = sourcecode.swift; path = Reachability.swift; sourceTree = "<group>"; };
		84DA642B23CFBA7100F69DDC /* DisplayAlertMessageExtension.swift */ = {isa = PBXFileReference; lastKnownFileType = sourcecode.swift; path = DisplayAlertMessageExtension.swift; sourceTree = "<group>"; };
		84DA642D23CFBB4E00F69DDC /* CPAlert.storyboard */ = {isa = PBXFileReference; fileEncoding = 4; lastKnownFileType = file.storyboard; path = CPAlert.storyboard; sourceTree = "<group>"; };
		84DA642E23CFBB4E00F69DDC /* CPAlertVC.swift */ = {isa = PBXFileReference; fileEncoding = 4; lastKnownFileType = sourcecode.swift; path = CPAlertVC.swift; sourceTree = "<group>"; };
		84DA643123CFBB9900F69DDC /* CPAlertAction.swift */ = {isa = PBXFileReference; fileEncoding = 4; lastKnownFileType = sourcecode.swift; path = CPAlertAction.swift; sourceTree = "<group>"; };
		CBA8C14B660C2A8DFE6740B8 /* Pods-SendBirdTask.debug.xcconfig */ = {isa = PBXFileReference; includeInIndex = 1; lastKnownFileType = text.xcconfig; name = "Pods-SendBirdTask.debug.xcconfig"; path = "Target Support Files/Pods-SendBirdTask/Pods-SendBirdTask.debug.xcconfig"; sourceTree = "<group>"; };
		EBABC6A761814187D923D7C0 /* Pods-SendBirdTask.release.xcconfig */ = {isa = PBXFileReference; includeInIndex = 1; lastKnownFileType = text.xcconfig; name = "Pods-SendBirdTask.release.xcconfig"; path = "Target Support Files/Pods-SendBirdTask/Pods-SendBirdTask.release.xcconfig"; sourceTree = "<group>"; };
/* End PBXFileReference section */

/* Begin PBXFrameworksBuildPhase section */
		848B720123CBB1B2003B6016 /* Frameworks */ = {
			isa = PBXFrameworksBuildPhase;
			buildActionMask = 2147483647;
			files = (
				E4ED6F1B85BF1C6022B47534 /* Pods_SendBirdTask.framework in Frameworks */,
			);
			runOnlyForDeploymentPostprocessing = 0;
		};
		848B721723CBB1B9003B6016 /* Frameworks */ = {
			isa = PBXFrameworksBuildPhase;
			buildActionMask = 2147483647;
			files = (
			);
			runOnlyForDeploymentPostprocessing = 0;
		};
		848B722223CBB1B9003B6016 /* Frameworks */ = {
			isa = PBXFrameworksBuildPhase;
			buildActionMask = 2147483647;
			files = (
			);
			runOnlyForDeploymentPostprocessing = 0;
		};
/* End PBXFrameworksBuildPhase section */

/* Begin PBXGroup section */
		2CD83A7B6CADE219A18D67C3 /* Pods */ = {
			isa = PBXGroup;
			children = (
				CBA8C14B660C2A8DFE6740B8 /* Pods-SendBirdTask.debug.xcconfig */,
				EBABC6A761814187D923D7C0 /* Pods-SendBirdTask.release.xcconfig */,
			);
			path = Pods;
			sourceTree = "<group>";
		};
		8437A53223D27A7700743945 /* ThirdLibrary */ = {
			isa = PBXGroup;
			children = (
				84DA642D23CFBB4E00F69DDC /* CPAlert.storyboard */,
				84DA643123CFBB9900F69DDC /* CPAlertAction.swift */,
				84DA642E23CFBB4E00F69DDC /* CPAlertVC.swift */,
			);
			path = ThirdLibrary;
			sourceTree = "<group>";
		};
		8444064323CD6738007653EB /* Model */ = {
			isa = PBXGroup;
			children = (
				8444064423CD674F007653EB /* NewModel.swift */,
				8444064623CD6796007653EB /* BooksModel.swift */,
				8444064823CD79CC007653EB /* BookDetailsModel.swift */,
			);
			path = Model;
			sourceTree = "<group>";
		};
		8444064A23CD7C2D007653EB /* NewBooks */ = {
			isa = PBXGroup;
			children = (
				848B723923CBB574003B6016 /* NewVC.swift */,
				848B724223CBB9C2003B6016 /* NewDataSource.swift */,
				848B724423CBB9D9003B6016 /* NewDelegate.swift */,
				848B724B23CD433E003B6016 /* NewManager.swift */,
			);
			path = NewBooks;
			sourceTree = "<group>";
		};
		8444064B23CD7C3F007653EB /* DetailsBool */ = {
			isa = PBXGroup;
			children = (
				8444064C23CD7C6C007653EB /* DetailsBookVC.swift */,
				8444064E23CD8206007653EB /* DetailsBookManager.swift */,
			);
			path = DetailsBool;
			sourceTree = "<group>";
		};
		8475F8A823CEB2EA00BEA4E9 /* Search */ = {
			isa = PBXGroup;
			children = (
				848B723D23CBB618003B6016 /* SearchVC.swift */,
				8475F8A923CEB34300BEA4E9 /* SearchDataSource.swift */,
				8475F8AB23CEB48900BEA4E9 /* SearchDelegate.swift */,
				8475F8AD23CEB74900BEA4E9 /* SearchManager.swift */,
			);
			path = Search;
			sourceTree = "<group>";
		};
		848B71FB23CBB1B2003B6016 = {
			isa = PBXGroup;
			children = (
				848B720623CBB1B3003B6016 /* SendBirdTask */,
				848B721D23CBB1B9003B6016 /* SendBirdTaskTests */,
				848B722823CBB1B9003B6016 /* SendBirdTaskUITests */,
				848B720523CBB1B3003B6016 /* Products */,
				2CD83A7B6CADE219A18D67C3 /* Pods */,
				A00BFC5220F6559B4DAF456C /* Frameworks */,
			);
			sourceTree = "<group>";
		};
		848B720523CBB1B3003B6016 /* Products */ = {
			isa = PBXGroup;
			children = (
				848B720423CBB1B3003B6016 /* SendBirdTask.app */,
				848B721A23CBB1B9003B6016 /* SendBirdTaskTests.xctest */,
				848B722523CBB1B9003B6016 /* SendBirdTaskUITests.xctest */,
			);
			name = Products;
			sourceTree = "<group>";
		};
		848B720623CBB1B3003B6016 /* SendBirdTask */ = {
			isa = PBXGroup;
			children = (
				8444064323CD6738007653EB /* Model */,
				848B724D23CD434F003B6016 /* Helper */,
				848B724623CBBB09003B6016 /* Views */,
				848B724123CBB998003B6016 /* Controller */,
				848B720723CBB1B3003B6016 /* AppDelegate.swift */,
				848B723F23CBB698003B6016 /* SceneDelegate.swift */,
				848B720D23CBB1B3003B6016 /* Main.storyboard */,
				848B721023CBB1B9003B6016 /* Assets.xcassets */,
				848B721223CBB1B9003B6016 /* LaunchScreen.storyboard */,
				848B721523CBB1B9003B6016 /* Info.plist */,
			);
			path = SendBirdTask;
			sourceTree = "<group>";
		};
		848B721D23CBB1B9003B6016 /* SendBirdTaskTests */ = {
			isa = PBXGroup;
			children = (
				848B721E23CBB1B9003B6016 /* SendBirdTaskTests.swift */,
				848B722023CBB1B9003B6016 /* Info.plist */,
			);
			path = SendBirdTaskTests;
			sourceTree = "<group>";
		};
		848B722823CBB1B9003B6016 /* SendBirdTaskUITests */ = {
			isa = PBXGroup;
			children = (
				848B722923CBB1B9003B6016 /* SendBirdTaskUITests.swift */,
				848B722B23CBB1B9003B6016 /* Info.plist */,
			);
			path = SendBirdTaskUITests;
			sourceTree = "<group>";
		};
		848B724123CBB998003B6016 /* Controller */ = {
			isa = PBXGroup;
			children = (
				8444064A23CD7C2D007653EB /* NewBooks */,
				8444064B23CD7C3F007653EB /* DetailsBool */,
				8475F8A823CEB2EA00BEA4E9 /* Search */,
			);
			path = Controller;
			sourceTree = "<group>";
		};
		848B724623CBBB09003B6016 /* Views */ = {
			isa = PBXGroup;
			children = (
				8437A53223D27A7700743945 /* ThirdLibrary */,
				848B724723CBBB2D003B6016 /* NewBooksCell.swift */,
				848B724823CBBB2D003B6016 /* NewBooksCell.xib */,
			);
			path = Views;
			sourceTree = "<group>";
		};
		848B724D23CD434F003B6016 /* Helper */ = {
			isa = PBXGroup;
			children = (
				8437A53323D27B0E00743945 /* CustomDesign.swift */,
				848B724E23CD4381003B6016 /* HTTPController.swift */,
				848B725023CD4683003B6016 /* Reachability.swift */,
				8444064123CD5841007653EB /* APIConstants.swift */,
				84DA642B23CFBA7100F69DDC /* DisplayAlertMessageExtension.swift */,
			);
			path = Helper;
			sourceTree = "<group>";
		};
		A00BFC5220F6559B4DAF456C /* Frameworks */ = {
			isa = PBXGroup;
			children = (
				5A06E9CF4E64C2001903A48D /* Pods_SendBirdTask.framework */,
			);
			name = Frameworks;
			sourceTree = "<group>";
		};
/* End PBXGroup section */

/* Begin PBXNativeTarget section */
		848B720323CBB1B2003B6016 /* SendBirdTask */ = {
			isa = PBXNativeTarget;
			buildConfigurationList = 848B722E23CBB1B9003B6016 /* Build configuration list for PBXNativeTarget "SendBirdTask" */;
			buildPhases = (
				AE2ABBF5348AD08B361B71A1 /* [CP] Check Pods Manifest.lock */,
				848B720023CBB1B2003B6016 /* Sources */,
				848B720123CBB1B2003B6016 /* Frameworks */,
				848B720223CBB1B2003B6016 /* Resources */,
				B6A2A477DC6437D975B7EA08 /* [CP] Embed Pods Frameworks */,
			);
			buildRules = (
			);
			dependencies = (
			);
			name = SendBirdTask;
			productName = SendBirdTask;
			productReference = 848B720423CBB1B3003B6016 /* SendBirdTask.app */;
			productType = "com.apple.product-type.application";
		};
		848B721923CBB1B9003B6016 /* SendBirdTaskTests */ = {
			isa = PBXNativeTarget;
			buildConfigurationList = 848B723123CBB1B9003B6016 /* Build configuration list for PBXNativeTarget "SendBirdTaskTests" */;
			buildPhases = (
				848B721623CBB1B9003B6016 /* Sources */,
				848B721723CBB1B9003B6016 /* Frameworks */,
				848B721823CBB1B9003B6016 /* Resources */,
			);
			buildRules = (
			);
			dependencies = (
				848B721C23CBB1B9003B6016 /* PBXTargetDependency */,
			);
			name = SendBirdTaskTests;
			productName = SendBirdTaskTests;
			productReference = 848B721A23CBB1B9003B6016 /* SendBirdTaskTests.xctest */;
			productType = "com.apple.product-type.bundle.unit-test";
		};
		848B722423CBB1B9003B6016 /* SendBirdTaskUITests */ = {
			isa = PBXNativeTarget;
			buildConfigurationList = 848B723423CBB1B9003B6016 /* Build configuration list for PBXNativeTarget "SendBirdTaskUITests" */;
			buildPhases = (
				848B722123CBB1B9003B6016 /* Sources */,
				848B722223CBB1B9003B6016 /* Frameworks */,
				848B722323CBB1B9003B6016 /* Resources */,
			);
			buildRules = (
			);
			dependencies = (
				848B722723CBB1B9003B6016 /* PBXTargetDependency */,
			);
			name = SendBirdTaskUITests;
			productName = SendBirdTaskUITests;
			productReference = 848B722523CBB1B9003B6016 /* SendBirdTaskUITests.xctest */;
			productType = "com.apple.product-type.bundle.ui-testing";
		};
/* End PBXNativeTarget section */

/* Begin PBXProject section */
		848B71FC23CBB1B2003B6016 /* Project object */ = {
			isa = PBXProject;
			attributes = {
				LastSwiftUpdateCheck = 1130;
				LastUpgradeCheck = 1130;
				ORGANIZATIONNAME = "Moath Yahia";
				TargetAttributes = {
					848B720323CBB1B2003B6016 = {
						CreatedOnToolsVersion = 11.3;
					};
					848B721923CBB1B9003B6016 = {
						CreatedOnToolsVersion = 11.3;
						TestTargetID = 848B720323CBB1B2003B6016;
					};
					848B722423CBB1B9003B6016 = {
						CreatedOnToolsVersion = 11.3;
						TestTargetID = 848B720323CBB1B2003B6016;
					};
				};
			};
			buildConfigurationList = 848B71FF23CBB1B2003B6016 /* Build configuration list for PBXProject "SendBirdTask" */;
			compatibilityVersion = "Xcode 11.0";
			developmentRegion = en;
			hasScannedForEncodings = 0;
			knownRegions = (
				en,
				Base,
			);
			mainGroup = 848B71FB23CBB1B2003B6016;
			productRefGroup = 848B720523CBB1B3003B6016 /* Products */;
			projectDirPath = "";
			projectRoot = "";
			targets = (
				848B720323CBB1B2003B6016 /* SendBirdTask */,
				848B721923CBB1B9003B6016 /* SendBirdTaskTests */,
				848B722423CBB1B9003B6016 /* SendBirdTaskUITests */,
			);
		};
/* End PBXProject section */

/* Begin PBXResourcesBuildPhase section */
		848B720223CBB1B2003B6016 /* Resources */ = {
			isa = PBXResourcesBuildPhase;
			buildActionMask = 2147483647;
			files = (
				84DA642F23CFBB4E00F69DDC /* CPAlert.storyboard in Resources */,
				848B721423CBB1B9003B6016 /* LaunchScreen.storyboard in Resources */,
				848B724A23CBBB2D003B6016 /* NewBooksCell.xib in Resources */,
				848B721123CBB1B9003B6016 /* Assets.xcassets in Resources */,
				848B720F23CBB1B3003B6016 /* Main.storyboard in Resources */,
			);
			runOnlyForDeploymentPostprocessing = 0;
		};
		848B721823CBB1B9003B6016 /* Resources */ = {
			isa = PBXResourcesBuildPhase;
			buildActionMask = 2147483647;
			files = (
			);
			runOnlyForDeploymentPostprocessing = 0;
		};
		848B722323CBB1B9003B6016 /* Resources */ = {
			isa = PBXResourcesBuildPhase;
			buildActionMask = 2147483647;
			files = (
			);
			runOnlyForDeploymentPostprocessing = 0;
		};
/* End PBXResourcesBuildPhase section */

/* Begin PBXShellScriptBuildPhase section */
		AE2ABBF5348AD08B361B71A1 /* [CP] Check Pods Manifest.lock */ = {
			isa = PBXShellScriptBuildPhase;
			buildActionMask = 2147483647;
			files = (
			);
			inputFileListPaths = (
			);
			inputPaths = (
				"${PODS_PODFILE_DIR_PATH}/Podfile.lock",
				"${PODS_ROOT}/Manifest.lock",
			);
			name = "[CP] Check Pods Manifest.lock";
			outputFileListPaths = (
			);
			outputPaths = (
				"$(DERIVED_FILE_DIR)/Pods-SendBirdTask-checkManifestLockResult.txt",
			);
			runOnlyForDeploymentPostprocessing = 0;
			shellPath = /bin/sh;
			shellScript = "diff \"${PODS_PODFILE_DIR_PATH}/Podfile.lock\" \"${PODS_ROOT}/Manifest.lock\" > /dev/null\nif [ $? != 0 ] ; then\n    # print error to STDERR\n    echo \"error: The sandbox is not in sync with the Podfile.lock. Run 'pod install' or update your CocoaPods installation.\" >&2\n    exit 1\nfi\n# This output is used by Xcode 'outputs' to avoid re-running this script phase.\necho \"SUCCESS\" > \"${SCRIPT_OUTPUT_FILE_0}\"\n";
			showEnvVarsInLog = 0;
		};
		B6A2A477DC6437D975B7EA08 /* [CP] Embed Pods Frameworks */ = {
			isa = PBXShellScriptBuildPhase;
			buildActionMask = 2147483647;
			files = (
			);
			inputFileListPaths = (
				"${PODS_ROOT}/Target Support Files/Pods-SendBirdTask/Pods-SendBirdTask-frameworks-${CONFIGURATION}-input-files.xcfilelist",
			);
			name = "[CP] Embed Pods Frameworks";
			outputFileListPaths = (
				"${PODS_ROOT}/Target Support Files/Pods-SendBirdTask/Pods-SendBirdTask-frameworks-${CONFIGURATION}-output-files.xcfilelist",
			);
			runOnlyForDeploymentPostprocessing = 0;
			shellPath = /bin/sh;
			shellScript = "\"${PODS_ROOT}/Target Support Files/Pods-SendBirdTask/Pods-SendBirdTask-frameworks.sh\"\n";
			showEnvVarsInLog = 0;
		};
/* End PBXShellScriptBuildPhase section */

/* Begin PBXSourcesBuildPhase section */
		848B720023CBB1B2003B6016 /* Sources */ = {
			isa = PBXSourcesBuildPhase;
			buildActionMask = 2147483647;
			files = (
				848B724C23CD433E003B6016 /* NewManager.swift in Sources */,
				848B724923CBBB2D003B6016 /* NewBooksCell.swift in Sources */,
				848B723E23CBB618003B6016 /* SearchVC.swift in Sources */,
				8444064923CD79CC007653EB /* BookDetailsModel.swift in Sources */,
				8475F8AC23CEB48900BEA4E9 /* SearchDelegate.swift in Sources */,
				848B724F23CD4381003B6016 /* HTTPController.swift in Sources */,
				8444064523CD674F007653EB /* NewModel.swift in Sources */,
				8475F8AA23CEB34300BEA4E9 /* SearchDataSource.swift in Sources */,
				84DA643023CFBB4E00F69DDC /* CPAlertVC.swift in Sources */,
				848B720823CBB1B3003B6016 /* AppDelegate.swift in Sources */,
				8437A53423D27B0E00743945 /* CustomDesign.swift in Sources */,
				848B723A23CBB574003B6016 /* NewVC.swift in Sources */,
				84DA643223CFBB9900F69DDC /* CPAlertAction.swift in Sources */,
				848B724323CBB9C2003B6016 /* NewDataSource.swift in Sources */,
				848B724023CBB698003B6016 /* SceneDelegate.swift in Sources */,
				8444064723CD6796007653EB /* BooksModel.swift in Sources */,
				84DA642C23CFBA7100F69DDC /* DisplayAlertMessageExtension.swift in Sources */,
				848B725123CD4683003B6016 /* Reachability.swift in Sources */,
				8444064223CD5841007653EB /* APIConstants.swift in Sources */,
				848B724523CBB9D9003B6016 /* NewDelegate.swift in Sources */,
				8444064D23CD7C6C007653EB /* DetailsBookVC.swift in Sources */,
				8444064F23CD8206007653EB /* DetailsBookManager.swift in Sources */,
				8475F8AE23CEB74900BEA4E9 /* SearchManager.swift in Sources */,
			);
			runOnlyForDeploymentPostprocessing = 0;
		};
		848B721623CBB1B9003B6016 /* Sources */ = {
			isa = PBXSourcesBuildPhase;
			buildActionMask = 2147483647;
			files = (
				848B721F23CBB1B9003B6016 /* SendBirdTaskTests.swift in Sources */,
			);
			runOnlyForDeploymentPostprocessing = 0;
		};
		848B722123CBB1B9003B6016 /* Sources */ = {
			isa = PBXSourcesBuildPhase;
			buildActionMask = 2147483647;
			files = (
				848B722A23CBB1B9003B6016 /* SendBirdTaskUITests.swift in Sources */,
			);
			runOnlyForDeploymentPostprocessing = 0;
		};
/* End PBXSourcesBuildPhase section */

/* Begin PBXTargetDependency section */
		848B721C23CBB1B9003B6016 /* PBXTargetDependency */ = {
			isa = PBXTargetDependency;
			target = 848B720323CBB1B2003B6016 /* SendBirdTask */;
			targetProxy = 848B721B23CBB1B9003B6016 /* PBXContainerItemProxy */;
		};
		848B722723CBB1B9003B6016 /* PBXTargetDependency */ = {
			isa = PBXTargetDependency;
			target = 848B720323CBB1B2003B6016 /* SendBirdTask */;
			targetProxy = 848B722623CBB1B9003B6016 /* PBXContainerItemProxy */;
		};
/* End PBXTargetDependency section */

/* Begin PBXVariantGroup section */
		848B720D23CBB1B3003B6016 /* Main.storyboard */ = {
			isa = PBXVariantGroup;
			children = (
				848B720E23CBB1B3003B6016 /* Base */,
			);
			name = Main.storyboard;
			sourceTree = "<group>";
		};
		848B721223CBB1B9003B6016 /* LaunchScreen.storyboard */ = {
			isa = PBXVariantGroup;
			children = (
				848B721323CBB1B9003B6016 /* Base */,
			);
			name = LaunchScreen.storyboard;
			sourceTree = "<group>";
		};
/* End PBXVariantGroup section */

/* Begin XCBuildConfiguration section */
		848B722C23CBB1B9003B6016 /* Debug */ = {
			isa = XCBuildConfiguration;
			buildSettings = {
				ALWAYS_SEARCH_USER_PATHS = NO;
				CLANG_ANALYZER_NONNULL = YES;
				CLANG_ANALYZER_NUMBER_OBJECT_CONVERSION = YES_AGGRESSIVE;
				CLANG_CXX_LANGUAGE_STANDARD = "gnu++14";
				CLANG_CXX_LIBRARY = "libc++";
				CLANG_ENABLE_MODULES = YES;
				CLANG_ENABLE_OBJC_ARC = YES;
				CLANG_ENABLE_OBJC_WEAK = YES;
				CLANG_WARN_BLOCK_CAPTURE_AUTORELEASING = YES;
				CLANG_WARN_BOOL_CONVERSION = YES;
				CLANG_WARN_COMMA = YES;
				CLANG_WARN_CONSTANT_CONVERSION = YES;
				CLANG_WARN_DEPRECATED_OBJC_IMPLEMENTATIONS = YES;
				CLANG_WARN_DIRECT_OBJC_ISA_USAGE = YES_ERROR;
				CLANG_WARN_DOCUMENTATION_COMMENTS = YES;
				CLANG_WARN_EMPTY_BODY = YES;
				CLANG_WARN_ENUM_CONVERSION = YES;
				CLANG_WARN_INFINITE_RECURSION = YES;
				CLANG_WARN_INT_CONVERSION = YES;
				CLANG_WARN_NON_LITERAL_NULL_CONVERSION = YES;
				CLANG_WARN_OBJC_IMPLICIT_RETAIN_SELF = YES;
				CLANG_WARN_OBJC_LITERAL_CONVERSION = YES;
				CLANG_WARN_OBJC_ROOT_CLASS = YES_ERROR;
				CLANG_WARN_RANGE_LOOP_ANALYSIS = YES;
				CLANG_WARN_STRICT_PROTOTYPES = YES;
				CLANG_WARN_SUSPICIOUS_MOVE = YES;
				CLANG_WARN_UNGUARDED_AVAILABILITY = YES_AGGRESSIVE;
				CLANG_WARN_UNREACHABLE_CODE = YES;
				CLANG_WARN__DUPLICATE_METHOD_MATCH = YES;
				COPY_PHASE_STRIP = NO;
				DEBUG_INFORMATION_FORMAT = dwarf;
				ENABLE_STRICT_OBJC_MSGSEND = YES;
				ENABLE_TESTABILITY = YES;
				GCC_C_LANGUAGE_STANDARD = gnu11;
				GCC_DYNAMIC_NO_PIC = NO;
				GCC_NO_COMMON_BLOCKS = YES;
				GCC_OPTIMIZATION_LEVEL = 0;
				GCC_PREPROCESSOR_DEFINITIONS = (
					"DEBUG=1",
					"$(inherited)",
				);
				GCC_WARN_64_TO_32_BIT_CONVERSION = YES;
				GCC_WARN_ABOUT_RETURN_TYPE = YES_ERROR;
				GCC_WARN_UNDECLARED_SELECTOR = YES;
				GCC_WARN_UNINITIALIZED_AUTOS = YES_AGGRESSIVE;
				GCC_WARN_UNUSED_FUNCTION = YES;
				GCC_WARN_UNUSED_VARIABLE = YES;
				IPHONEOS_DEPLOYMENT_TARGET = 13.0;
				MTL_ENABLE_DEBUG_INFO = INCLUDE_SOURCE;
				MTL_FAST_MATH = YES;
				ONLY_ACTIVE_ARCH = YES;
				SDKROOT = iphoneos;
				SWIFT_ACTIVE_COMPILATION_CONDITIONS = DEBUG;
				SWIFT_OPTIMIZATION_LEVEL = "-Onone";
			};
			name = Debug;
		};
		848B722D23CBB1B9003B6016 /* Release */ = {
			isa = XCBuildConfiguration;
			buildSettings = {
				ALWAYS_SEARCH_USER_PATHS = NO;
				CLANG_ANALYZER_NONNULL = YES;
				CLANG_ANALYZER_NUMBER_OBJECT_CONVERSION = YES_AGGRESSIVE;
				CLANG_CXX_LANGUAGE_STANDARD = "gnu++14";
				CLANG_CXX_LIBRARY = "libc++";
				CLANG_ENABLE_MODULES = YES;
				CLANG_ENABLE_OBJC_ARC = YES;
				CLANG_ENABLE_OBJC_WEAK = YES;
				CLANG_WARN_BLOCK_CAPTURE_AUTORELEASING = YES;
				CLANG_WARN_BOOL_CONVERSION = YES;
				CLANG_WARN_COMMA = YES;
				CLANG_WARN_CONSTANT_CONVERSION = YES;
				CLANG_WARN_DEPRECATED_OBJC_IMPLEMENTATIONS = YES;
				CLANG_WARN_DIRECT_OBJC_ISA_USAGE = YES_ERROR;
				CLANG_WARN_DOCUMENTATION_COMMENTS = YES;
				CLANG_WARN_EMPTY_BODY = YES;
				CLANG_WARN_ENUM_CONVERSION = YES;
				CLANG_WARN_INFINITE_RECURSION = YES;
				CLANG_WARN_INT_CONVERSION = YES;
				CLANG_WARN_NON_LITERAL_NULL_CONVERSION = YES;
				CLANG_WARN_OBJC_IMPLICIT_RETAIN_SELF = YES;
				CLANG_WARN_OBJC_LITERAL_CONVERSION = YES;
				CLANG_WARN_OBJC_ROOT_CLASS = YES_ERROR;
				CLANG_WARN_RANGE_LOOP_ANALYSIS = YES;
				CLANG_WARN_STRICT_PROTOTYPES = YES;
				CLANG_WARN_SUSPICIOUS_MOVE = YES;
				CLANG_WARN_UNGUARDED_AVAILABILITY = YES_AGGRESSIVE;
				CLANG_WARN_UNREACHABLE_CODE = YES;
				CLANG_WARN__DUPLICATE_METHOD_MATCH = YES;
				COPY_PHASE_STRIP = NO;
				DEBUG_INFORMATION_FORMAT = "dwarf-with-dsym";
				ENABLE_NS_ASSERTIONS = NO;
				ENABLE_STRICT_OBJC_MSGSEND = YES;
				GCC_C_LANGUAGE_STANDARD = gnu11;
				GCC_NO_COMMON_BLOCKS = YES;
				GCC_WARN_64_TO_32_BIT_CONVERSION = YES;
				GCC_WARN_ABOUT_RETURN_TYPE = YES_ERROR;
				GCC_WARN_UNDECLARED_SELECTOR = YES;
				GCC_WARN_UNINITIALIZED_AUTOS = YES_AGGRESSIVE;
				GCC_WARN_UNUSED_FUNCTION = YES;
				GCC_WARN_UNUSED_VARIABLE = YES;
				IPHONEOS_DEPLOYMENT_TARGET = 13.0;
				MTL_ENABLE_DEBUG_INFO = NO;
				MTL_FAST_MATH = YES;
				SDKROOT = iphoneos;
				SWIFT_COMPILATION_MODE = wholemodule;
				SWIFT_OPTIMIZATION_LEVEL = "-O";
				VALIDATE_PRODUCT = YES;
			};
			name = Release;
		};
		848B722F23CBB1B9003B6016 /* Debug */ = {
			isa = XCBuildConfiguration;
			baseConfigurationReference = CBA8C14B660C2A8DFE6740B8 /* Pods-SendBirdTask.debug.xcconfig */;
			buildSettings = {
				ASSETCATALOG_COMPILER_APPICON_NAME = AppIcon;
				CODE_SIGN_STYLE = Automatic;
				INFOPLIST_FILE = SendBirdTask/Info.plist;
				LD_RUNPATH_SEARCH_PATHS = (
					"$(inherited)",
					"@executable_path/Frameworks",
				);
				PRODUCT_BUNDLE_IDENTIFIER = com.Moath.SendBirdTask;
				PRODUCT_NAME = "$(TARGET_NAME)";
				SWIFT_VERSION = 5.0;
				TARGETED_DEVICE_FAMILY = 1;
			};
			name = Debug;
		};
		848B723023CBB1B9003B6016 /* Release */ = {
			isa = XCBuildConfiguration;
			baseConfigurationReference = EBABC6A761814187D923D7C0 /* Pods-SendBirdTask.release.xcconfig */;
			buildSettings = {
				ASSETCATALOG_COMPILER_APPICON_NAME = AppIcon;
				CODE_SIGN_STYLE = Automatic;
				INFOPLIST_FILE = SendBirdTask/Info.plist;
				LD_RUNPATH_SEARCH_PATHS = (
					"$(inherited)",
					"@executable_path/Frameworks",
				);
				PRODUCT_BUNDLE_IDENTIFIER = com.Moath.SendBirdTask;
				PRODUCT_NAME = "$(TARGET_NAME)";
				SWIFT_VERSION = 5.0;
				TARGETED_DEVICE_FAMILY = 1;
			};
			name = Release;
		};
		848B723223CBB1B9003B6016 /* Debug */ = {
			isa = XCBuildConfiguration;
			buildSettings = {
				ALWAYS_EMBED_SWIFT_STANDARD_LIBRARIES = YES;
				BUNDLE_LOADER = "$(TEST_HOST)";
				CODE_SIGN_STYLE = Automatic;
				INFOPLIST_FILE = SendBirdTaskTests/Info.plist;
				IPHONEOS_DEPLOYMENT_TARGET = 13.2;
				LD_RUNPATH_SEARCH_PATHS = (
					"$(inherited)",
					"@executable_path/Frameworks",
					"@loader_path/Frameworks",
				);
				PRODUCT_BUNDLE_IDENTIFIER = com.Moath.SendBirdTaskTests;
				PRODUCT_NAME = "$(TARGET_NAME)";
				SWIFT_VERSION = 5.0;
				TARGETED_DEVICE_FAMILY = "1,2";
				TEST_HOST = "$(BUILT_PRODUCTS_DIR)/SendBirdTask.app/SendBirdTask";
			};
			name = Debug;
		};
		848B723323CBB1B9003B6016 /* Release */ = {
			isa = XCBuildConfiguration;
			buildSettings = {
				ALWAYS_EMBED_SWIFT_STANDARD_LIBRARIES = YES;
				BUNDLE_LOADER = "$(TEST_HOST)";
				CODE_SIGN_STYLE = Automatic;
				INFOPLIST_FILE = SendBirdTaskTests/Info.plist;
				IPHONEOS_DEPLOYMENT_TARGET = 13.2;
				LD_RUNPATH_SEARCH_PATHS = (
					"$(inherited)",
					"@executable_path/Frameworks",
					"@loader_path/Frameworks",
				);
				PRODUCT_BUNDLE_IDENTIFIER = com.Moath.SendBirdTaskTests;
				PRODUCT_NAME = "$(TARGET_NAME)";
				SWIFT_VERSION = 5.0;
				TARGETED_DEVICE_FAMILY = "1,2";
				TEST_HOST = "$(BUILT_PRODUCTS_DIR)/SendBirdTask.app/SendBirdTask";
			};
			name = Release;
		};
		848B723523CBB1B9003B6016 /* Debug */ = {
			isa = XCBuildConfiguration;
			buildSettings = {
				ALWAYS_EMBED_SWIFT_STANDARD_LIBRARIES = YES;
				CODE_SIGN_STYLE = Automatic;
				INFOPLIST_FILE = SendBirdTaskUITests/Info.plist;
				LD_RUNPATH_SEARCH_PATHS = (
					"$(inherited)",
					"@executable_path/Frameworks",
					"@loader_path/Frameworks",
				);
				PRODUCT_BUNDLE_IDENTIFIER = com.Moath.SendBirdTaskUITests;
				PRODUCT_NAME = "$(TARGET_NAME)";
				SWIFT_VERSION = 5.0;
				TARGETED_DEVICE_FAMILY = "1,2";
				TEST_TARGET_NAME = SendBirdTask;
			};
			name = Debug;
		};
		848B723623CBB1B9003B6016 /* Release */ = {
			isa = XCBuildConfiguration;
			buildSettings = {
				ALWAYS_EMBED_SWIFT_STANDARD_LIBRARIES = YES;
				CODE_SIGN_STYLE = Automatic;
				INFOPLIST_FILE = SendBirdTaskUITests/Info.plist;
				LD_RUNPATH_SEARCH_PATHS = (
					"$(inherited)",
					"@executable_path/Frameworks",
					"@loader_path/Frameworks",
				);
				PRODUCT_BUNDLE_IDENTIFIER = com.Moath.SendBirdTaskUITests;
				PRODUCT_NAME = "$(TARGET_NAME)";
				SWIFT_VERSION = 5.0;
				TARGETED_DEVICE_FAMILY = "1,2";
				TEST_TARGET_NAME = SendBirdTask;
			};
			name = Release;
		};
/* End XCBuildConfiguration section */

/* Begin XCConfigurationList section */
		848B71FF23CBB1B2003B6016 /* Build configuration list for PBXProject "SendBirdTask" */ = {
			isa = XCConfigurationList;
			buildConfigurations = (
				848B722C23CBB1B9003B6016 /* Debug */,
				848B722D23CBB1B9003B6016 /* Release */,
			);
			defaultConfigurationIsVisible = 0;
			defaultConfigurationName = Release;
		};
		848B722E23CBB1B9003B6016 /* Build configuration list for PBXNativeTarget "SendBirdTask" */ = {
			isa = XCConfigurationList;
			buildConfigurations = (
				848B722F23CBB1B9003B6016 /* Debug */,
				848B723023CBB1B9003B6016 /* Release */,
			);
			defaultConfigurationIsVisible = 0;
			defaultConfigurationName = Release;
		};
		848B723123CBB1B9003B6016 /* Build configuration list for PBXNativeTarget "SendBirdTaskTests" */ = {
			isa = XCConfigurationList;
			buildConfigurations = (
				848B723223CBB1B9003B6016 /* Debug */,
				848B723323CBB1B9003B6016 /* Release */,
			);
			defaultConfigurationIsVisible = 0;
			defaultConfigurationName = Release;
		};
		848B723423CBB1B9003B6016 /* Build configuration list for PBXNativeTarget "SendBirdTaskUITests" */ = {
			isa = XCConfigurationList;
			buildConfigurations = (
				848B723523CBB1B9003B6016 /* Debug */,
				848B723623CBB1B9003B6016 /* Release */,
			);
			defaultConfigurationIsVisible = 0;
			defaultConfigurationName = Release;
		};
/* End XCConfigurationList section */
	};
	rootObject = 848B71FC23CBB1B2003B6016 /* Project object */;
}
